
Microsoft Visual Studio Solution File, Format Version 12.00
# Visual Studio Version 17
VisualStudioVersion = 17.0.32112.339
MinimumVisualStudioVersion = 10.0.40219.1
Project("{2150E333-8FDC-42A3-9474-1A3956D46DE8}") = "Solution Items", "Solution Items", "{6FBEE8FB-DC7A-4DBD-BC3E-43C0BE08D118}"
	ProjectSection(SolutionItems) = preProject
		.dockerignore = .dockerignore
		.editorconfig = .editorconfig
		.gitattributes = .gitattributes
		.gitignore = .gitignore
		README.md = README.md
		Roslyn.ruleset = Roslyn.ruleset
		Security.ruleset = Security.ruleset
		stylecop.json = stylecop.json
		StyleCop.ruleset = StyleCop.ruleset
	EndProjectSection
EndProject
Project("{2150E333-8FDC-42A3-9474-1A3956D46DE8}") = "Function", "Function", "{6C1ED69E-A5D0-4701-A56C-171500D1B65F}"
EndProject
Project("{9A19103F-16F7-4668-BE54-9A1E7A4F7556}") = "PriceParser.ProcessExternalData", "PriceParser.ProcessExternalData\PriceParser.ProcessExternalData.csproj", "{AD6E37DC-F62E-47CC-957D-5E2F7CCB435D}"
EndProject
Project("{9A19103F-16F7-4668-BE54-9A1E7A4F7556}") = "PriceParser.Application", "PriceParser.Application\PriceParser.Application.csproj", "{580C1E3D-AE6B-4ACC-B2F0-CFB7B5A15970}"
EndProject
Project("{9A19103F-16F7-4668-BE54-9A1E7A4F7556}") = "PriceParser.Data", "PriceParser.Data\PriceParser.Data.csproj", "{48C23C15-680B-4F91-8998-562EF0F4E828}"
EndProject
Project("{9A19103F-16F7-4668-BE54-9A1E7A4F7556}") = "PriceParser.Domain", "PriceParser.Domain\PriceParser.Domain.csproj", "{3D41A46A-84FB-47FF-9585-235F80F99662}"
EndProject
Project("{9A19103F-16F7-4668-BE54-9A1E7A4F7556}") = "PriceParser.Host", "PriceParser.Host\PriceParser.Host.csproj", "{5A036A06-1D99-423B-9B9A-212E23366237}"
EndProject
Project("{9A19103F-16F7-4668-BE54-9A1E7A4F7556}") = "PriceParser.Infrastructure", "PriceParser.Infrastructure\PriceParser.Infrastructure.csproj", "{60A761B4-838A-4140-9781-FB68C9FE8170}"
EndProject
Global
	GlobalSection(SolutionConfigurationPlatforms) = preSolution
		Debug|Any CPU = Debug|Any CPU
		Release|Any CPU = Release|Any CPU
	EndGlobalSection
	GlobalSection(ProjectConfigurationPlatforms) = postSolution
		{AD6E37DC-F62E-47CC-957D-5E2F7CCB435D}.Debug|Any CPU.ActiveCfg = Debug|Any CPU
		{AD6E37DC-F62E-47CC-957D-5E2F7CCB435D}.Debug|Any CPU.Build.0 = Debug|Any CPU
		{AD6E37DC-F62E-47CC-957D-5E2F7CCB435D}.Release|Any CPU.ActiveCfg = Release|Any CPU
		{AD6E37DC-F62E-47CC-957D-5E2F7CCB435D}.Release|Any CPU.Build.0 = Release|Any CPU
		{580C1E3D-AE6B-4ACC-B2F0-CFB7B5A15970}.Debug|Any CPU.ActiveCfg = Debug|Any CPU
		{580C1E3D-AE6B-4ACC-B2F0-CFB7B5A15970}.Debug|Any CPU.Build.0 = Debug|Any CPU
		{580C1E3D-AE6B-4ACC-B2F0-CFB7B5A15970}.Release|Any CPU.ActiveCfg = Release|Any CPU
		{580C1E3D-AE6B-4ACC-B2F0-CFB7B5A15970}.Release|Any CPU.Build.0 = Release|Any CPU
		{48C23C15-680B-4F91-8998-562EF0F4E828}.Debug|Any CPU.ActiveCfg = Debug|Any CPU
		{48C23C15-680B-4F91-8998-562EF0F4E828}.Debug|Any CPU.Build.0 = Debug|Any CPU
		{48C23C15-680B-4F91-8998-562EF0F4E828}.Release|Any CPU.ActiveCfg = Release|Any CPU
		{48C23C15-680B-4F91-8998-562EF0F4E828}.Release|Any CPU.Build.0 = Release|Any CPU
		{3D41A46A-84FB-47FF-9585-235F80F99662}.Debug|Any CPU.ActiveCfg = Debug|Any CPU
		{3D41A46A-84FB-47FF-9585-235F80F99662}.Debug|Any CPU.Build.0 = Debug|Any CPU
		{3D41A46A-84FB-47FF-9585-235F80F99662}.Release|Any CPU.ActiveCfg = Release|Any CPU
		{3D41A46A-84FB-47FF-9585-235F80F99662}.Release|Any CPU.Build.0 = Release|Any CPU
		{5A036A06-1D99-423B-9B9A-212E23366237}.Debug|Any CPU.ActiveCfg = Debug|Any CPU
		{5A036A06-1D99-423B-9B9A-212E23366237}.Debug|Any CPU.Build.0 = Debug|Any CPU
		{5A036A06-1D99-423B-9B9A-212E23366237}.Release|Any CPU.ActiveCfg = Release|Any CPU
		{5A036A06-1D99-423B-9B9A-212E23366237}.Release|Any CPU.Build.0 = Release|Any CPU
		{60A761B4-838A-4140-9781-FB68C9FE8170}.Debug|Any CPU.ActiveCfg = Debug|Any CPU
		{60A761B4-838A-4140-9781-FB68C9FE8170}.Debug|Any CPU.Build.0 = Debug|Any CPU
		{60A761B4-838A-4140-9781-FB68C9FE8170}.Release|Any CPU.ActiveCfg = Release|Any CPU
		{60A761B4-838A-4140-9781-FB68C9FE8170}.Release|Any CPU.Build.0 = Release|Any CPU
	EndGlobalSection
	GlobalSection(SolutionProperties) = preSolution
		HideSolutionNode = FALSE
	EndGlobalSection
	GlobalSection(NestedProjects) = preSolution
		{AD6E37DC-F62E-47CC-957D-5E2F7CCB435D} = {6C1ED69E-A5D0-4701-A56C-171500D1B65F}
	EndGlobalSection
	GlobalSection(ExtensibilityGlobals) = postSolution
		SolutionGuid = {CC50563E-24D0-4631-BCFD-48E4048A487E}
	EndGlobalSection
EndGlobal
